{
  "originHash" : "b00644c28da397f25206cb62abe6fd3dec2a8d542e3d89c07be40827cf4ccf47",
  "pins" : [
    {
      "identity" : "dlkit",
      "kind" : "remoteSourceControl",
      "location" : "https://github.com/johnno1962/DLKit",
      "state" : {
        "revision" : "018d2895322c4d619de4474f991dfa9405bbac38",
        "version" : "3.6.0"
      }
    },
    {
      "identity" : "fishhook",
      "kind" : "remoteSourceControl",
      "location" : "https://github.com/johnno1962/fishhook",
      "state" : {
        "revision" : "51b4b873fb03072921337fc4b86a45e2fb24556e",
        "version" : "1.2.2"
      }
    },
    {
      "identity" : "popen",
      "kind" : "remoteSourceControl",
      "location" : "https://github.com/johnno1962/Popen",
      "state" : {
        "revision" : "038db824a3c72b88199de2c55884b9d81486ec12",
        "version" : "2.2.2"
      }
    },
    {
      "identity" : "posthog-ios",
      "kind" : "remoteSourceControl",
      "location" : "https://github.com/PostHog/posthog-ios.git",
      "state" : {
        "revision" : "131859db52a6d65bc77a6f8846239a22bad8dd14",
        "version" : "3.68.2"
      }
    },
    {
      "identity" : "sentry-cocoa",
      "kind" : "remoteSourceControl",
      "location" : "https://github.com/getsentry/sentry-cocoa.git",
      "state" : {
        "revision" : "afa7510e05b99f35c1febe47566bfd868fa53fb9",
        "version" : "9.23.0"
      }
    },
    {
      "identity" : "sparkle",
      "kind" : "remoteSourceControl",
      "location" : "https://github.com/sparkle-project/Sparkle",
      "state" : {
        "revision" : "066e75a8b3e99962685d6a90cdd5293ebffd9261",
        "version" : "2.9.1"
      }
    },
    {
      "identity" : "swiftregex5",
      "kind" : "remoteSourceControl",
      "location" : "https://github.com/johnno1962/SwiftRegex5",
      "state" : {
        "revision" : "84c3fa9a180b2c02e65e9a61287445b0482a5efe",
        "version" : "6.3.0"
      }
    }
  ],
  "version" : 3
}
